
Microsoft Visual Studio Solution File, Format Version 12.00
# Visual Studio Version 16
VisualStudioVersion = 16.0.31911.196
MinimumVisualStudioVersion = 10.0.40219.1
Project("{FAE04EC0-301F-11D3-BF4B-00C04F79EFBC}") = "EmpleadoLibrary", "EmpleadoLibrary\EmpleadoLibrary.csproj", "{5884AA83-26EE-400C-B953-AF1FA6E9DD29}"
EndProject
Project("{FAE04EC0-301F-11D3-BF4B-00C04F79EFBC}") = "WindowsForms", "WindowsForms\WindowsForms.csproj", "{B2A26614-84DE-4187-BB27-AED437F21AD5}"
EndProject
Project("{FAE04EC0-301F-11D3-BF4B-00C04F79EFBC}") = "WEBApi", "WEBApi\WEBApi.csproj", "{197CE545-0B52-449A-AD79-C20E430B2A3A}"
EndProject
Global
	GlobalSection(SolutionConfigurationPlatforms) = preSolution
		Debug|Any CPU = Debug|Any CPU
		Release|Any CPU = Release|Any CPU
	EndGlobalSection
	GlobalSection(ProjectConfigurationPlatforms) = postSolution
		{5884AA83-26EE-400C-B953-AF1FA6E9DD29}.Debug|Any CPU.ActiveCfg = Debug|Any CPU
		{5884AA83-26EE-400C-B953-AF1FA6E9DD29}.Debug|Any CPU.Build.0 = Debug|Any CPU
		{5884AA83-26EE-400C-B953-AF1FA6E9DD29}.Release|Any CPU.ActiveCfg = Release|Any CPU
		{5884AA83-26EE-400C-B953-AF1FA6E9DD29}.Release|Any CPU.Build.0 = Release|Any CPU
		{B2A26614-84DE-4187-BB27-AED437F21AD5}.Debug|Any CPU.ActiveCfg = Debug|Any CPU
		{B2A26614-84DE-4187-BB27-AED437F21AD5}.Debug|Any CPU.Build.0 = Debug|Any CPU
		{B2A26614-84DE-4187-BB27-AED437F21AD5}.Release|Any CPU.ActiveCfg = Release|Any CPU
		{B2A26614-84DE-4187-BB27-AED437F21AD5}.Release|Any CPU.Build.0 = Release|Any CPU
		{197CE545-0B52-449A-AD79-C20E430B2A3A}.Debug|Any CPU.ActiveCfg = Debug|Any CPU
		{197CE545-0B52-449A-AD79-C20E430B2A3A}.Debug|Any CPU.Build.0 = Debug|Any CPU
		{197CE545-0B52-449A-AD79-C20E430B2A3A}.Release|Any CPU.ActiveCfg = Release|Any CPU
		{197CE545-0B52-449A-AD79-C20E430B2A3A}.Release|Any CPU.Build.0 = Release|Any CPU
	EndGlobalSection
	GlobalSection(SolutionProperties) = preSolution
		HideSolutionNode = FALSE
	EndGlobalSection
	GlobalSection(ExtensibilityGlobals) = postSolution
		SolutionGuid = {7C609250-B780-4CEE-9EAA-21DCD74E7322}
	EndGlobalSection
EndGlobal
